
Microsoft Visual Studio Solution File, Format Version 12.00
# Visual Studio Version 17
VisualStudioVersion = 17.3.32929.385
MinimumVisualStudioVersion = 10.0.40219.1
Project("{FAE04EC0-301F-11D3-BF4B-00C04F79EFBC}") = "contactsApp", "contactsApp\contactsApp.csproj", "{355B46C9-3305-4A3F-A271-3BF8EF3E44B2}"
EndProject
Global
	GlobalSection(SolutionConfigurationPlatforms) = preSolution
		Debug|Any CPU = Debug|Any CPU
		Release|Any CPU = Release|Any CPU
	EndGlobalSection
	GlobalSection(ProjectConfigurationPlatforms) = postSolution
		{355B46C9-3305-4A3F-A271-3BF8EF3E44B2}.Debug|Any CPU.ActiveCfg = Debug|Any CPU
		{355B46C9-3305-4A3F-A271-3BF8EF3E44B2}.Debug|Any CPU.Build.0 = Debug|Any CPU
		{355B46C9-3305-4A3F-A271-3BF8EF3E44B2}.Release|Any CPU.ActiveCfg = Release|Any CPU
		{355B46C9-3305-4A3F-A271-3BF8EF3E44B2}.Release|Any CPU.Build.0 = Release|Any CPU
	EndGlobalSection
	GlobalSection(SolutionProperties) = preSolution
		HideSolutionNode = FALSE
	EndGlobalSection
	GlobalSection(ExtensibilityGlobals) = postSolution
		SolutionGuid = {3C27A0AF-3B3D-41ED-B78F-70D75A0C1577}
	EndGlobalSection
EndGlobal
